{
  "name": "webidl2js-poc-issue",
  "version": "1.0.0",
  "lockfileVersion": 2,
  "requires": true,
  "packages": {
    "": {
      "name": "webidl2js-poc-issue",
      "version": "1.0.0",
      "license": "ISC",
      "dependencies": {
        "webidl2js": "^17.0.0"
      }
    },
    "node_modules/prettier": {
      "version": "2.5.1",
      "resolved": "https://registry.npmjs.org/prettier/-/prettier-2.5.1.tgz",
      "integrity": "sha512-vBZcPRUR5MZJwoyi3ZoyQlc1rXeEck8KgeC9AwwOn+exuxLxq5toTRDTSaVrXHxelDMHy9zlicw8u66yxoSUFg==",
      "bin": {
        "prettier": "bin-prettier.js"
      },
      "engines": {
        "node": ">=10.13.0"
      }
    },
    "node_modules/webidl-conversions": {
      "version": "7.0.0",
      "resolved": "https://registry.npmjs.org/webidl-conversions/-/webidl-conversions-7.0.0.tgz",
      "integrity": "sha512-VwddBukDzu71offAQR975unBIGqfKZpM+8ZX6ySk8nYhVoo5CYaZyzt3YBvYtRtO+aoGlqxPg/B87NGVZ/fu6g==",
      "engines": {
        "node": ">=12"
      }
    },
    "node_modules/webidl2": {
      "version": "24.2.0",
      "resolved": "https://registry.npmjs.org/webidl2/-/webidl2-24.2.0.tgz",
      "integrity": "sha512-Danl5J4EIs3c9uZSd261xY2HxMgy9PSlybdm4f+uuskBuxPelcKGEVlk6HDCw0WTUnaJ6ovx0qOcR5pikAujKQ=="
    },
    "node_modules/webidl2js": {
      "version": "17.0.0",
      "resolved": "https://registry.npmjs.org/webidl2js/-/webidl2js-17.0.0.tgz",
      "integrity": "sha512-nfaJ0L1/a4VKzjvLGLNM0Uwo7poXXEcHDcwSaJybcXkmwqCQ+X/58DD7MbgbpisfT/uyFovAGDh5OO7Kh1OkYw==",
      "dependencies": {
        "prettier": "^2.4.1",
        "webidl-conversions": "^7.0.0",
        "webidl2": "^24.1.2"
      },
      "engines": {
        "node": ">=12"
      }
    }
  },
  "dependencies": {
    "prettier": {
      "version": "2.5.1",
      "resolved": "https://registry.npmjs.org/prettier/-/prettier-2.5.1.tgz",
      "integrity": "sha512-vBZcPRUR5MZJwoyi3ZoyQlc1rXeEck8KgeC9AwwOn+exuxLxq5toTRDTSaVrXHxelDMHy9zlicw8u66yxoSUFg=="
    },
    "webidl-conversions": {
      "version": "7.0.0",
      "resolved": "https://registry.npmjs.org/webidl-conversions/-/webidl-conversions-7.0.0.tgz",
      "integrity": "sha512-VwddBukDzu71offAQR975unBIGqfKZpM+8ZX6ySk8nYhVoo5CYaZyzt3YBvYtRtO+aoGlqxPg/B87NGVZ/fu6g=="
    },
    "webidl2": {
      "version": "24.2.0",
      "resolved": "https://registry.npmjs.org/webidl2/-/webidl2-24.2.0.tgz",
      "integrity": "sha512-Danl5J4EIs3c9uZSd261xY2HxMgy9PSlybdm4f+uuskBuxPelcKGEVlk6HDCw0WTUnaJ6ovx0qOcR5pikAujKQ=="
    },
    "webidl2js": {
      "version": "17.0.0",
      "resolved": "https://registry.npmjs.org/webidl2js/-/webidl2js-17.0.0.tgz",
      "integrity": "sha512-nfaJ0L1/a4VKzjvLGLNM0Uwo7poXXEcHDcwSaJybcXkmwqCQ+X/58DD7MbgbpisfT/uyFovAGDh5OO7Kh1OkYw==",
      "requires": {
        "prettier": "^2.4.1",
        "webidl-conversions": "^7.0.0",
        "webidl2": "^24.1.2"
      }
    }
  }
}
